// !$*UTF8*$!
{
	archiveVersion = 1;
	classes = {
	};
	objectVersion = 56;
	objects = {

/* Begin PBXBuildFile section */
		6B77867C29C8372A006BB702 /* App.swift in Sources */ = {isa = PBXBuildFile; fileRef = 6B77867B29C8372A006BB702 /* App.swift */; };
		6B77867E29C8372A006BB702 /* ContentView.swift in Sources */ = {isa = PBXBuildFile; fileRef = 6B77867D29C8372A006BB702 /* ContentView.swift */; };
		6B77868029C8372B006BB702 /* Assets.xcassets in Resources */ = {isa = PBXBuildFile; fileRef = 6B77867F29C8372B006BB702 /* Assets.xcassets */; };
		6B77868329C8372B006BB702 /* Preview Assets.xcassets in Resources */ = {isa = PBXBuildFile; fileRef = 6B77868229C8372B006BB702 /* Preview Assets.xcassets */; };
		6B77868B29C83773006BB702 /* URLRequest+Extension.swift in Sources */ = {isa = PBXBuildFile; fileRef = 6B77868A29C83773006BB702 /* URLRequest+Extension.swift */; };
		6B77868E29C8379E006BB702 /* ReactiveSwift in Frameworks */ = {isa = PBXBuildFile; productRef = 6B77868D29C8379E006BB702 /* ReactiveSwift */; };
		6B77869229C840F3006BB702 /* Article.swift in Sources */ = {isa = PBXBuildFile; fileRef = 6B77869129C840F3006BB702 /* Article.swift */; };
		6B77869729C841B4006BB702 /* ArticleListViewModel.swift in Sources */ = {isa = PBXBuildFile; fileRef = 6B77869629C841B4006BB702 /* ArticleListViewModel.swift */; };
		6B77869929C843A4006BB702 /* K.swift in Sources */ = {isa = PBXBuildFile; fileRef = 6B77869829C843A4006BB702 /* K.swift */; };
		6B77869C29C8440A006BB702 /* ArticleListView.swift in Sources */ = {isa = PBXBuildFile; fileRef = 6B77869B29C8440A006BB702 /* ArticleListView.swift */; };
		6B95109F29C97FF90043554F /* Moya in Frameworks */ = {isa = PBXBuildFile; productRef = 6B95109E29C97FF90043554F /* Moya */; };
		6B9510A129C97FF90043554F /* ReactiveMoya in Frameworks */ = {isa = PBXBuildFile; productRef = 6B9510A029C97FF90043554F /* ReactiveMoya */; };
		6B9510A429C980220043554F /* SampleAPI.swift in Sources */ = {isa = PBXBuildFile; fileRef = 6B9510A329C980220043554F /* SampleAPI.swift */; };
		6B9510A629C9880C0043554F /* APIListViewModel.swift in Sources */ = {isa = PBXBuildFile; fileRef = 6B9510A529C9880C0043554F /* APIListViewModel.swift */; };
		6B9510A829C98CFA0043554F /* APIListView.swift in Sources */ = {isa = PBXBuildFile; fileRef = 6B9510A729C98CFA0043554F /* APIListView.swift */; };
		6B9510AA29C9A8310043554F /* SampleAPIResponseViewModel.swift in Sources */ = {isa = PBXBuildFile; fileRef = 6B9510A929C9A8310043554F /* SampleAPIResponseViewModel.swift */; };
		6B9510AC29C9A91D0043554F /* SampleAPIResponseView.swift in Sources */ = {isa = PBXBuildFile; fileRef = 6B9510AB29C9A91D0043554F /* SampleAPIResponseView.swift */; };
/* End PBXBuildFile section */

/* Begin PBXFileReference section */
		6B77867829C8372A006BB702 /* QuickNews-ReactiveSwift.app */ = {isa = PBXFileReference; explicitFileType = wrapper.application; includeInIndex = 0; path = "QuickNews-ReactiveSwift.app"; sourceTree = BUILT_PRODUCTS_DIR; };
		6B77867B29C8372A006BB702 /* App.swift */ = {isa = PBXFileReference; lastKnownFileType = sourcecode.swift; path = App.swift; sourceTree = "<group>"; };
		6B77867D29C8372A006BB702 /* ContentView.swift */ = {isa = PBXFileReference; lastKnownFileType = sourcecode.swift; path = ContentView.swift; sourceTree = "<group>"; };
		6B77867F29C8372B006BB702 /* Assets.xcassets */ = {isa = PBXFileReference; lastKnownFileType = folder.assetcatalog; path = Assets.xcassets; sourceTree = "<group>"; };
		6B77868229C8372B006BB702 /* Preview Assets.xcassets */ = {isa = PBXFileReference; lastKnownFileType = folder.assetcatalog; path = "Preview Assets.xcassets"; sourceTree = "<group>"; };
		6B77868A29C83773006BB702 /* URLRequest+Extension.swift */ = {isa = PBXFileReference; lastKnownFileType = sourcecode.swift; path = "URLRequest+Extension.swift"; sourceTree = "<group>"; };
		6B77869129C840F3006BB702 /* Article.swift */ = {isa = PBXFileReference; lastKnownFileType = sourcecode.swift; path = Article.swift; sourceTree = "<group>"; };
		6B77869629C841B4006BB702 /* ArticleListViewModel.swift */ = {isa = PBXFileReference; lastKnownFileType = sourcecode.swift; path = ArticleListViewModel.swift; sourceTree = "<group>"; };
		6B77869829C843A4006BB702 /* K.swift */ = {isa = PBXFileReference; lastKnownFileType = sourcecode.swift; path = K.swift; sourceTree = "<group>"; };
		6B77869B29C8440A006BB702 /* ArticleListView.swift */ = {isa = PBXFileReference; lastKnownFileType = sourcecode.swift; path = ArticleListView.swift; sourceTree = "<group>"; };
		6B9510A329C980220043554F /* SampleAPI.swift */ = {isa = PBXFileReference; lastKnownFileType = sourcecode.swift; path = SampleAPI.swift; sourceTree = "<group>"; };
		6B9510A529C9880C0043554F /* APIListViewModel.swift */ = {isa = PBXFileReference; lastKnownFileType = sourcecode.swift; path = APIListViewModel.swift; sourceTree = "<group>"; };
		6B9510A729C98CFA0043554F /* APIListView.swift */ = {isa = PBXFileReference; lastKnownFileType = sourcecode.swift; path = APIListView.swift; sourceTree = "<group>"; };
		6B9510A929C9A8310043554F /* SampleAPIResponseViewModel.swift */ = {isa = PBXFileReference; lastKnownFileType = sourcecode.swift; path = SampleAPIResponseViewModel.swift; sourceTree = "<group>"; };
		6B9510AB29C9A91D0043554F /* SampleAPIResponseView.swift */ = {isa = PBXFileReference; lastKnownFileType = sourcecode.swift; path = SampleAPIResponseView.swift; sourceTree = "<group>"; };
/* End PBXFileReference section */

/* Begin PBXFrameworksBuildPhase section */
		6B77867529C8372A006BB702 /* Frameworks */ = {
			isa = PBXFrameworksBuildPhase;
			buildActionMask = 2147483647;
			files = (
				6B95109F29C97FF90043554F /* Moya in Frameworks */,
				6B77868E29C8379E006BB702 /* ReactiveSwift in Frameworks */,
				6B9510A129C97FF90043554F /* ReactiveMoya in Frameworks */,
			);
			runOnlyForDeploymentPostprocessing = 0;
		};
/* End PBXFrameworksBuildPhase section */

/* Begin PBXGroup section */
		6B77866F29C8372A006BB702 = {
			isa = PBXGroup;
			children = (
				6B9510A229C9800B0043554F /* API */,
				6B77869A29C843FD006BB702 /* View */,
				6B77869329C84106006BB702 /* View Model */,
				6B77869029C840E3006BB702 /* Model */,
				6B77868929C83752006BB702 /* Extension */,
				6B77867A29C8372A006BB702 /* App */,
				6B77867929C8372A006BB702 /* Products */,
			);
			sourceTree = "<group>";
		};
		6B77867929C8372A006BB702 /* Products */ = {
			isa = PBXGroup;
			children = (
				6B77867829C8372A006BB702 /* QuickNews-ReactiveSwift.app */,
			);
			name = Products;
			sourceTree = "<group>";
		};
		6B77867A29C8372A006BB702 /* App */ = {
			isa = PBXGroup;
			children = (
				6B77867B29C8372A006BB702 /* App.swift */,
				6B77867D29C8372A006BB702 /* ContentView.swift */,
				6B77867F29C8372B006BB702 /* Assets.xcassets */,
				6B77868129C8372B006BB702 /* Preview Content */,
			);
			path = App;
			sourceTree = "<group>";
		};
		6B77868129C8372B006BB702 /* Preview Content */ = {
			isa = PBXGroup;
			children = (
				6B77868229C8372B006BB702 /* Preview Assets.xcassets */,
			);
			path = "Preview Content";
			sourceTree = "<group>";
		};
		6B77868929C83752006BB702 /* Extension */ = {
			isa = PBXGroup;
			children = (
				6B77868A29C83773006BB702 /* URLRequest+Extension.swift */,
			);
			path = Extension;
			sourceTree = "<group>";
		};
		6B77869029C840E3006BB702 /* Model */ = {
			isa = PBXGroup;
			children = (
				6B77869129C840F3006BB702 /* Article.swift */,
				6B77869829C843A4006BB702 /* K.swift */,
			);
			path = Model;
			sourceTree = "<group>";
		};
		6B77869329C84106006BB702 /* View Model */ = {
			isa = PBXGroup;
			children = (
				6B77869629C841B4006BB702 /* ArticleListViewModel.swift */,
				6B9510A529C9880C0043554F /* APIListViewModel.swift */,
				6B9510A929C9A8310043554F /* SampleAPIResponseViewModel.swift */,
			);
			path = "View Model";
			sourceTree = "<group>";
		};
		6B77869A29C843FD006BB702 /* View */ = {
			isa = PBXGroup;
			children = (
				6B77869B29C8440A006BB702 /* ArticleListView.swift */,
				6B9510A729C98CFA0043554F /* APIListView.swift */,
				6B9510AB29C9A91D0043554F /* SampleAPIResponseView.swift */,
			);
			path = View;
			sourceTree = "<group>";
		};
		6B9510A229C9800B0043554F /* API */ = {
			isa = PBXGroup;
			children = (
				6B9510A329C980220043554F /* SampleAPI.swift */,
			);
			path = API;
			sourceTree = "<group>";
		};
/* End PBXGroup section */

/* Begin PBXNativeTarget section */
		6B77867729C8372A006BB702 /* QuickNews-ReactiveSwift */ = {
			isa = PBXNativeTarget;
			buildConfigurationList = 6B77868629C8372B006BB702 /* Build configuration list for PBXNativeTarget "QuickNews-ReactiveSwift" */;
			buildPhases = (
				6B77868F29C837CE006BB702 /* ShellScript */,
				6B77867429C8372A006BB702 /* Sources */,
				6B77867529C8372A006BB702 /* Frameworks */,
				6B77867629C8372A006BB702 /* Resources */,
			);
			buildRules = (
			);
			dependencies = (
			);
			name = "QuickNews-ReactiveSwift";
			packageProductDependencies = (
				6B77868D29C8379E006BB702 /* ReactiveSwift */,
				6B95109E29C97FF90043554F /* Moya */,
				6B9510A029C97FF90043554F /* ReactiveMoya */,
			);
			productName = "QuickNews-ReactiveSwift";
			productReference = 6B77867829C8372A006BB702 /* QuickNews-ReactiveSwift.app */;
			productType = "com.apple.product-type.application";
		};
/* End PBXNativeTarget section */

/* Begin PBXProject section */
		6B77867029C8372A006BB702 /* Project object */ = {
			isa = PBXProject;
			attributes = {
				BuildIndependentTargetsInParallel = 1;
				LastSwiftUpdateCheck = 1420;
				LastUpgradeCheck = 1420;
				TargetAttributes = {
					6B77867729C8372A006BB702 = {
						CreatedOnToolsVersion = 14.2;
					};
				};
			};
			buildConfigurationList = 6B77867329C8372A006BB702 /* Build configuration list for PBXProject "QuickNews-ReactiveSwift" */;
			compatibilityVersion = "Xcode 14.0";
			developmentRegion = en;
			hasScannedForEncodings = 0;
			knownRegions = (
				en,
				Base,
			);
			mainGroup = 6B77866F29C8372A006BB702;
			packageReferences = (
				6B77868C29C8379E006BB702 /* XCRemoteSwiftPackageReference "ReactiveSwift" */,
				6B95109D29C97FF90043554F /* XCRemoteSwiftPackageReference "Moya" */,
			);
			productRefGroup = 6B77867929C8372A006BB702 /* Products */;
			projectDirPath = "";
			projectRoot = "";
			targets = (
				6B77867729C8372A006BB702 /* QuickNews-ReactiveSwift */,
			);
		};
/* End PBXProject section */

/* Begin PBXResourcesBuildPhase section */
		6B77867629C8372A006BB702 /* Resources */ = {
			isa = PBXResourcesBuildPhase;
			buildActionMask = 2147483647;
			files = (
				6B77868329C8372B006BB702 /* Preview Assets.xcassets in Resources */,
				6B77868029C8372B006BB702 /* Assets.xcassets in Resources */,
			);
			runOnlyForDeploymentPostprocessing = 0;
		};
/* End PBXResourcesBuildPhase section */

/* Begin PBXShellScriptBuildPhase section */
		6B77868F29C837CE006BB702 /* ShellScript */ = {
			isa = PBXShellScriptBuildPhase;
			alwaysOutOfDate = 1;
			buildActionMask = 2147483647;
			files = (
			);
			inputFileListPaths = (
			);
			inputPaths = (
			);
			outputFileListPaths = (
			);
			outputPaths = (
			);
			runOnlyForDeploymentPostprocessing = 0;
			shellPath = /bin/sh;
			shellScript = "PATH=/opt/homebrew/bin:$PATH\nif [ -f ~/com.raywenderlich.swiftlint.yml ]; then\n  if which swiftlint >/dev/null; then\n    swiftlint --no-cache --config ~/com.raywenderlich.swiftlint.yml\n  fi\nfi\n";
		};
/* End PBXShellScriptBuildPhase section */

/* Begin PBXSourcesBuildPhase section */
		6B77867429C8372A006BB702 /* Sources */ = {
			isa = PBXSourcesBuildPhase;
			buildActionMask = 2147483647;
			files = (
				6B77869229C840F3006BB702 /* Article.swift in Sources */,
				6B9510A829C98CFA0043554F /* APIListView.swift in Sources */,
				6B77869929C843A4006BB702 /* K.swift in Sources */,
				6B77869729C841B4006BB702 /* ArticleListViewModel.swift in Sources */,
				6B9510AA29C9A8310043554F /* SampleAPIResponseViewModel.swift in Sources */,
				6B9510A629C9880C0043554F /* APIListViewModel.swift in Sources */,
				6B77869C29C8440A006BB702 /* ArticleListView.swift in Sources */,
				6B77867E29C8372A006BB702 /* ContentView.swift in Sources */,
				6B9510AC29C9A91D0043554F /* SampleAPIResponseView.swift in Sources */,
				6B77868B29C83773006BB702 /* URLRequest+Extension.swift in Sources */,
				6B9510A429C980220043554F /* SampleAPI.swift in Sources */,
				6B77867C29C8372A006BB702 /* App.swift in Sources */,
			);
			runOnlyForDeploymentPostprocessing = 0;
		};
/* End PBXSourcesBuildPhase section */

/* Begin XCBuildConfiguration section */
		6B77868429C8372B006BB702 /* Debug */ = {
			isa = XCBuildConfiguration;
			buildSettings = {
				ALWAYS_SEARCH_USER_PATHS = NO;
				CLANG_ANALYZER_NONNULL = YES;
				CLANG_ANALYZER_NUMBER_OBJECT_CONVERSION = YES_AGGRESSIVE;
				CLANG_CXX_LANGUAGE_STANDARD = "gnu++20";
				CLANG_ENABLE_MODULES = YES;
				CLANG_ENABLE_OBJC_ARC = YES;
				CLANG_ENABLE_OBJC_WEAK = YES;
				CLANG_WARN_BLOCK_CAPTURE_AUTORELEASING = YES;
				CLANG_WARN_BOOL_CONVERSION = YES;
				CLANG_WARN_COMMA = YES;
				CLANG_WARN_CONSTANT_CONVERSION = YES;
				CLANG_WARN_DEPRECATED_OBJC_IMPLEMENTATIONS = YES;
				CLANG_WARN_DIRECT_OBJC_ISA_USAGE = YES_ERROR;
				CLANG_WARN_DOCUMENTATION_COMMENTS = YES;
				CLANG_WARN_EMPTY_BODY = YES;
				CLANG_WARN_ENUM_CONVERSION = YES;
				CLANG_WARN_INFINITE_RECURSION = YES;
				CLANG_WARN_INT_CONVERSION = YES;
				CLANG_WARN_NON_LITERAL_NULL_CONVERSION = YES;
				CLANG_WARN_OBJC_IMPLICIT_RETAIN_SELF = YES;
				CLANG_WARN_OBJC_LITERAL_CONVERSION = YES;
				CLANG_WARN_OBJC_ROOT_CLASS = YES_ERROR;
				CLANG_WARN_QUOTED_INCLUDE_IN_FRAMEWORK_HEADER = YES;
				CLANG_WARN_RANGE_LOOP_ANALYSIS = YES;
				CLANG_WARN_STRICT_PROTOTYPES = YES;
				CLANG_WARN_SUSPICIOUS_MOVE = YES;
				CLANG_WARN_UNGUARDED_AVAILABILITY = YES_AGGRESSIVE;
				CLANG_WARN_UNREACHABLE_CODE = YES;
				CLANG_WARN__DUPLICATE_METHOD_MATCH = YES;
				COPY_PHASE_STRIP = NO;
				DEBUG_INFORMATION_FORMAT = dwarf;
				ENABLE_STRICT_OBJC_MSGSEND = YES;
				ENABLE_TESTABILITY = YES;
				GCC_C_LANGUAGE_STANDARD = gnu11;
				GCC_DYNAMIC_NO_PIC = NO;
				GCC_NO_COMMON_BLOCKS = YES;
				GCC_OPTIMIZATION_LEVEL = 0;
				GCC_PREPROCESSOR_DEFINITIONS = (
					"DEBUG=1",
					"$(inherited)",
				);
				GCC_WARN_64_TO_32_BIT_CONVERSION = YES;
				GCC_WARN_ABOUT_RETURN_TYPE = YES_ERROR;
				GCC_WARN_UNDECLARED_SELECTOR = YES;
				GCC_WARN_UNINITIALIZED_AUTOS = YES_AGGRESSIVE;
				GCC_WARN_UNUSED_FUNCTION = YES;
				GCC_WARN_UNUSED_VARIABLE = YES;
				IPHONEOS_DEPLOYMENT_TARGET = 16.2;
				MTL_ENABLE_DEBUG_INFO = INCLUDE_SOURCE;
				MTL_FAST_MATH = YES;
				ONLY_ACTIVE_ARCH = YES;
				SDKROOT = iphoneos;
				SWIFT_ACTIVE_COMPILATION_CONDITIONS = DEBUG;
				SWIFT_OPTIMIZATION_LEVEL = "-Onone";
			};
			name = Debug;
		};
		6B77868529C8372B006BB702 /* Release */ = {
			isa = XCBuildConfiguration;
			buildSettings = {
				ALWAYS_SEARCH_USER_PATHS = NO;
				CLANG_ANALYZER_NONNULL = YES;
				CLANG_ANALYZER_NUMBER_OBJECT_CONVERSION = YES_AGGRESSIVE;
				CLANG_CXX_LANGUAGE_STANDARD = "gnu++20";
				CLANG_ENABLE_MODULES = YES;
				CLANG_ENABLE_OBJC_ARC = YES;
				CLANG_ENABLE_OBJC_WEAK = YES;
				CLANG_WARN_BLOCK_CAPTURE_AUTORELEASING = YES;
				CLANG_WARN_BOOL_CONVERSION = YES;
				CLANG_WARN_COMMA = YES;
				CLANG_WARN_CONSTANT_CONVERSION = YES;
				CLANG_WARN_DEPRECATED_OBJC_IMPLEMENTATIONS = YES;
				CLANG_WARN_DIRECT_OBJC_ISA_USAGE = YES_ERROR;
				CLANG_WARN_DOCUMENTATION_COMMENTS = YES;
				CLANG_WARN_EMPTY_BODY = YES;
				CLANG_WARN_ENUM_CONVERSION = YES;
				CLANG_WARN_INFINITE_RECURSION = YES;
				CLANG_WARN_INT_CONVERSION = YES;
				CLANG_WARN_NON_LITERAL_NULL_CONVERSION = YES;
				CLANG_WARN_OBJC_IMPLICIT_RETAIN_SELF = YES;
				CLANG_WARN_OBJC_LITERAL_CONVERSION = YES;
				CLANG_WARN_OBJC_ROOT_CLASS = YES_ERROR;
				CLANG_WARN_QUOTED_INCLUDE_IN_FRAMEWORK_HEADER = YES;
				CLANG_WARN_RANGE_LOOP_ANALYSIS = YES;
				CLANG_WARN_STRICT_PROTOTYPES = YES;
				CLANG_WARN_SUSPICIOUS_MOVE = YES;
				CLANG_WARN_UNGUARDED_AVAILABILITY = YES_AGGRESSIVE;
				CLANG_WARN_UNREACHABLE_CODE = YES;
				CLANG_WARN__DUPLICATE_METHOD_MATCH = YES;
				COPY_PHASE_STRIP = NO;
				DEBUG_INFORMATION_FORMAT = "dwarf-with-dsym";
				ENABLE_NS_ASSERTIONS = NO;
				ENABLE_STRICT_OBJC_MSGSEND = YES;
				GCC_C_LANGUAGE_STANDARD = gnu11;
				GCC_NO_COMMON_BLOCKS = YES;
				GCC_WARN_64_TO_32_BIT_CONVERSION = YES;
				GCC_WARN_ABOUT_RETURN_TYPE = YES_ERROR;
				GCC_WARN_UNDECLARED_SELECTOR = YES;
				GCC_WARN_UNINITIALIZED_AUTOS = YES_AGGRESSIVE;
				GCC_WARN_UNUSED_FUNCTION = YES;
				GCC_WARN_UNUSED_VARIABLE = YES;
				IPHONEOS_DEPLOYMENT_TARGET = 16.2;
				MTL_ENABLE_DEBUG_INFO = NO;
				MTL_FAST_MATH = YES;
				SDKROOT = iphoneos;
				SWIFT_COMPILATION_MODE = wholemodule;
				SWIFT_OPTIMIZATION_LEVEL = "-O";
				VALIDATE_PRODUCT = YES;
			};
			name = Release;
		};
		6B77868729C8372B006BB702 /* Debug */ = {
			isa = XCBuildConfiguration;
			buildSettings = {
				ASSETCATALOG_COMPILER_APPICON_NAME = AppIcon;
				ASSETCATALOG_COMPILER_GLOBAL_ACCENT_COLOR_NAME = AccentColor;
				CODE_SIGN_STYLE = Automatic;
				CURRENT_PROJECT_VERSION = 1;
				DEVELOPMENT_ASSET_PATHS = "\"App/Preview Content\"";
				DEVELOPMENT_TEAM = HB4FTR388G;
				ENABLE_PREVIEWS = YES;
				GENERATE_INFOPLIST_FILE = YES;
				INFOPLIST_KEY_UIApplicationSceneManifest_Generation = YES;
				INFOPLIST_KEY_UIApplicationSupportsIndirectInputEvents = YES;
				INFOPLIST_KEY_UILaunchScreen_Generation = YES;
				INFOPLIST_KEY_UISupportedInterfaceOrientations_iPad = "UIInterfaceOrientationPortrait UIInterfaceOrientationPortraitUpsideDown UIInterfaceOrientationLandscapeLeft UIInterfaceOrientationLandscapeRight";
				INFOPLIST_KEY_UISupportedInterfaceOrientations_iPhone = "UIInterfaceOrientationPortrait UIInterfaceOrientationLandscapeLeft UIInterfaceOrientationLandscapeRight";
				LD_RUNPATH_SEARCH_PATHS = (
					"$(inherited)",
					"@executable_path/Frameworks",
				);
				MARKETING_VERSION = 1.0;
				PRODUCT_BUNDLE_IDENTIFIER = "com.chatdep.example.QuickNews-ReactiveSwift";
				PRODUCT_NAME = "$(TARGET_NAME)";
				SWIFT_EMIT_LOC_STRINGS = YES;
				SWIFT_VERSION = 5.0;
				TARGETED_DEVICE_FAMILY = "1,2";
			};
			name = Debug;
		};
		6B77868829C8372B006BB702 /* Release */ = {
			isa = XCBuildConfiguration;
			buildSettings = {
				ASSETCATALOG_COMPILER_APPICON_NAME = AppIcon;
				ASSETCATALOG_COMPILER_GLOBAL_ACCENT_COLOR_NAME = AccentColor;
				CODE_SIGN_STYLE = Automatic;
				CURRENT_PROJECT_VERSION = 1;
				DEVELOPMENT_ASSET_PATHS = "\"App/Preview Content\"";
				DEVELOPMENT_TEAM = HB4FTR388G;
				ENABLE_PREVIEWS = YES;
				GENERATE_INFOPLIST_FILE = YES;
				INFOPLIST_KEY_UIApplicationSceneManifest_Generation = YES;
				INFOPLIST_KEY_UIApplicationSupportsIndirectInputEvents = YES;
				INFOPLIST_KEY_UILaunchScreen_Generation = YES;
				INFOPLIST_KEY_UISupportedInterfaceOrientations_iPad = "UIInterfaceOrientationPortrait UIInterfaceOrientationPortraitUpsideDown UIInterfaceOrientationLandscapeLeft UIInterfaceOrientationLandscapeRight";
				INFOPLIST_KEY_UISupportedInterfaceOrientations_iPhone = "UIInterfaceOrientationPortrait UIInterfaceOrientationLandscapeLeft UIInterfaceOrientationLandscapeRight";
				LD_RUNPATH_SEARCH_PATHS = (
					"$(inherited)",
					"@executable_path/Frameworks",
				);
				MARKETING_VERSION = 1.0;
				PRODUCT_BUNDLE_IDENTIFIER = "com.chatdep.example.QuickNews-ReactiveSwift";
				PRODUCT_NAME = "$(TARGET_NAME)";
				SWIFT_EMIT_LOC_STRINGS = YES;
				SWIFT_VERSION = 5.0;
				TARGETED_DEVICE_FAMILY = "1,2";
			};
			name = Release;
		};
/* End XCBuildConfiguration section */

/* Begin XCConfigurationList section */
		6B77867329C8372A006BB702 /* Build configuration list for PBXProject "QuickNews-ReactiveSwift" */ = {
			isa = XCConfigurationList;
			buildConfigurations = (
				6B77868429C8372B006BB702 /* Debug */,
				6B77868529C8372B006BB702 /* Release */,
			);
			defaultConfigurationIsVisible = 0;
			defaultConfigurationName = Release;
		};
		6B77868629C8372B006BB702 /* Build configuration list for PBXNativeTarget "QuickNews-ReactiveSwift" */ = {
			isa = XCConfigurationList;
			buildConfigurations = (
				6B77868729C8372B006BB702 /* Debug */,
				6B77868829C8372B006BB702 /* Release */,
			);
			defaultConfigurationIsVisible = 0;
			defaultConfigurationName = Release;
		};
/* End XCConfigurationList section */

/* Begin XCRemoteSwiftPackageReference section */
		6B77868C29C8379E006BB702 /* XCRemoteSwiftPackageReference "ReactiveSwift" */ = {
			isa = XCRemoteSwiftPackageReference;
			repositoryURL = "https://github.com/ReactiveCocoa/ReactiveSwift";
			requirement = {
				kind = versionRange;
				maximumVersion = 7.0.0;
				minimumVersion = 6.0.0;
			};
		};
		6B95109D29C97FF90043554F /* XCRemoteSwiftPackageReference "Moya" */ = {
			isa = XCRemoteSwiftPackageReference;
			repositoryURL = "https://github.com/Moya/Moya.git";
			requirement = {
				kind = exactVersion;
				version = 15.0.3;
			};
		};
/* End XCRemoteSwiftPackageReference section */

/* Begin XCSwiftPackageProductDependency section */
		6B77868D29C8379E006BB702 /* ReactiveSwift */ = {
			isa = XCSwiftPackageProductDependency;
			package = 6B77868C29C8379E006BB702 /* XCRemoteSwiftPackageReference "ReactiveSwift" */;
			productName = ReactiveSwift;
		};
		6B95109E29C97FF90043554F /* Moya */ = {
			isa = XCSwiftPackageProductDependency;
			package = 6B95109D29C97FF90043554F /* XCRemoteSwiftPackageReference "Moya" */;
			productName = Moya;
		};
		6B9510A029C97FF90043554F /* ReactiveMoya */ = {
			isa = XCSwiftPackageProductDependency;
			package = 6B95109D29C97FF90043554F /* XCRemoteSwiftPackageReference "Moya" */;
			productName = ReactiveMoya;
		};
/* End XCSwiftPackageProductDependency section */
	};
	rootObject = 6B77867029C8372A006BB702 /* Project object */;
}
